
Microsoft Visual Studio Solution File, Format Version 12.00
Project("{2150E333-8FDC-42A3-9474-1A3956D46DE8}") = "Services", "Services", "{830B7069-5087-4E04-AA9A-CCAC861A133F}"
	ProjectSection(SolutionItems) = preProject
		docker-compose.yml = docker-compose.yml
		docker-compose.override.yml = docker-compose.override.yml
		Services\Basket\Basket.API\bin\Debug\net8.0\Swashbuckle.AspNetCore.SwaggerGen.dll = Services\Basket\Basket.API\bin\Debug\net8.0\Swashbuckle.AspNetCore.SwaggerGen.dll
		Services\Basket\Basket.API\bin\Debug\net8.0\Newtonsoft.Json.dll = Services\Basket\Basket.API\bin\Debug\net8.0\Newtonsoft.Json.dll
		Services\Basket\Basket.API\bin\Debug\net8.0\Npgsql.Json.NET.dll = Services\Basket\Basket.API\bin\Debug\net8.0\Npgsql.Json.NET.dll
		Services\Basket\Basket.API\bin\Debug\net8.0\Npgsql.NetTopologySuite.dll = Services\Basket\Basket.API\bin\Debug\net8.0\Npgsql.NetTopologySuite.dll
		Services\Basket\Basket.API\bin\Debug\net8.0\Microsoft.Extensions.DependencyInjection.Abstractions.dll = Services\Basket\Basket.API\bin\Debug\net8.0\Microsoft.Extensions.DependencyInjection.Abstractions.dll
		Services\Basket\Basket.API\bin\Debug\net8.0\System.Text.Json.dll = Services\Basket\Basket.API\bin\Debug\net8.0\System.Text.Json.dll
		Services\Basket\Basket.API\bin\Debug\net8.0\FluentValidation.dll = Services\Basket\Basket.API\bin\Debug\net8.0\FluentValidation.dll
		Services\Basket\Basket.API\bin\Debug\net8.0\tr\Microsoft.CodeAnalysis.VisualBasic.Workspaces.resources.dll = Services\Basket\Basket.API\bin\Debug\net8.0\tr\Microsoft.CodeAnalysis.VisualBasic.Workspaces.resources.dll
		Services\Basket\Basket.API\bin\Debug\net8.0\tr\Microsoft.CodeAnalysis.CSharp.resources.dll = Services\Basket\Basket.API\bin\Debug\net8.0\tr\Microsoft.CodeAnalysis.CSharp.resources.dll
		Services\Basket\Basket.API\bin\Debug\net8.0\tr\Microsoft.CodeAnalysis.Scripting.resources.dll = Services\Basket\Basket.API\bin\Debug\net8.0\tr\Microsoft.CodeAnalysis.Scripting.resources.dll
		Services\Basket\Basket.API\bin\Debug\net8.0\tr\Microsoft.CodeAnalysis.CSharp.Workspaces.resources.dll = Services\Basket\Basket.API\bin\Debug\net8.0\tr\Microsoft.CodeAnalysis.CSharp.Workspaces.resources.dll
		Services\Basket\Basket.API\bin\Debug\net8.0\tr\Microsoft.CodeAnalysis.resources.dll = Services\Basket\Basket.API\bin\Debug\net8.0\tr\Microsoft.CodeAnalysis.resources.dll
		Services\Basket\Basket.API\bin\Debug\net8.0\tr\Microsoft.CodeAnalysis.CSharp.Scripting.resources.dll = Services\Basket\Basket.API\bin\Debug\net8.0\tr\Microsoft.CodeAnalysis.CSharp.Scripting.resources.dll
		Services\Basket\Basket.API\bin\Debug\net8.0\tr\Microsoft.CodeAnalysis.Workspaces.resources.dll = Services\Basket\Basket.API\bin\Debug\net8.0\tr\Microsoft.CodeAnalysis.Workspaces.resources.dll
		Services\Basket\Basket.API\bin\Debug\net8.0\tr\Microsoft.CodeAnalysis.VisualBasic.resources.dll = Services\Basket\Basket.API\bin\Debug\net8.0\tr\Microsoft.CodeAnalysis.VisualBasic.resources.dll
		Services\Basket\Basket.API\bin\Debug\net8.0\Carter.dll = Services\Basket\Basket.API\bin\Debug\net8.0\Carter.dll
		Services\Basket\Basket.API\bin\Debug\net8.0\System.Composition.Hosting.dll = Services\Basket\Basket.API\bin\Debug\net8.0\System.Composition.Hosting.dll
		Services\Basket\Basket.API\bin\Debug\net8.0\OpenTelemetry.Api.dll = Services\Basket\Basket.API\bin\Debug\net8.0\OpenTelemetry.Api.dll
		Services\Basket\Basket.API\bin\Debug\net8.0\BuildingBlocks.dll = Services\Basket\Basket.API\bin\Debug\net8.0\BuildingBlocks.dll
		Services\Basket\Basket.API\bin\Debug\net8.0\HealthChecks.UI.Client.dll = Services\Basket\Basket.API\bin\Debug\net8.0\HealthChecks.UI.Client.dll
		Services\Basket\Basket.API\bin\Debug\net8.0\StackExchange.Redis.dll = Services\Basket\Basket.API\bin\Debug\net8.0\StackExchange.Redis.dll
		Services\Basket\Basket.API\bin\Debug\net8.0\Basket.API = Services\Basket\Basket.API\bin\Debug\net8.0\Basket.API
		Services\Basket\Basket.API\bin\Debug\net8.0\Microsoft.CodeAnalysis.Workspaces.dll = Services\Basket\Basket.API\bin\Debug\net8.0\Microsoft.CodeAnalysis.Workspaces.dll
		Services\Basket\Basket.API\bin\Debug\net8.0\Basket.API.runtimeconfig.json = Services\Basket\Basket.API\bin\Debug\net8.0\Basket.API.runtimeconfig.json
		Services\Basket\Basket.API\bin\Debug\net8.0\ko\Microsoft.CodeAnalysis.VisualBasic.Workspaces.resources.dll = Services\Basket\Basket.API\bin\Debug\net8.0\ko\Microsoft.CodeAnalysis.VisualBasic.Workspaces.resources.dll
		Services\Basket\Basket.API\bin\Debug\net8.0\ko\Microsoft.CodeAnalysis.CSharp.resources.dll = Services\Basket\Basket.API\bin\Debug\net8.0\ko\Microsoft.CodeAnalysis.CSharp.resources.dll
		Services\Basket\Basket.API\bin\Debug\net8.0\ko\Microsoft.CodeAnalysis.Scripting.resources.dll = Services\Basket\Basket.API\bin\Debug\net8.0\ko\Microsoft.CodeAnalysis.Scripting.resources.dll
		Services\Basket\Basket.API\bin\Debug\net8.0\ko\Microsoft.CodeAnalysis.CSharp.Workspaces.resources.dll = Services\Basket\Basket.API\bin\Debug\net8.0\ko\Microsoft.CodeAnalysis.CSharp.Workspaces.resources.dll
		Services\Basket\Basket.API\bin\Debug\net8.0\ko\Microsoft.CodeAnalysis.resources.dll = Services\Basket\Basket.API\bin\Debug\net8.0\ko\Microsoft.CodeAnalysis.resources.dll
		Services\Basket\Basket.API\bin\Debug\net8.0\ko\Microsoft.CodeAnalysis.CSharp.Scripting.resources.dll = Services\Basket\Basket.API\bin\Debug\net8.0\ko\Microsoft.CodeAnalysis.CSharp.Scripting.resources.dll
		Services\Basket\Basket.API\bin\Debug\net8.0\ko\Microsoft.CodeAnalysis.Workspaces.resources.dll = Services\Basket\Basket.API\bin\Debug\net8.0\ko\Microsoft.CodeAnalysis.Workspaces.resources.dll
		Services\Basket\Basket.API\bin\Debug\net8.0\ko\Microsoft.CodeAnalysis.VisualBasic.resources.dll = Services\Basket\Basket.API\bin\Debug\net8.0\ko\Microsoft.CodeAnalysis.VisualBasic.resources.dll
		Services\Basket\Basket.API\bin\Debug\net8.0\Mapster.dll = Services\Basket\Basket.API\bin\Debug\net8.0\Mapster.dll
		Services\Basket\Basket.API\bin\Debug\net8.0\Swashbuckle.AspNetCore.Swagger.dll = Services\Basket\Basket.API\bin\Debug\net8.0\Swashbuckle.AspNetCore.Swagger.dll
		Services\Basket\Basket.API\bin\Debug\net8.0\HealthChecks.UI.Core.dll = Services\Basket\Basket.API\bin\Debug\net8.0\HealthChecks.UI.Core.dll
		Services\Basket\Basket.API\bin\Debug\net8.0\FluentValidation.AspNetCore.dll = Services\Basket\Basket.API\bin\Debug\net8.0\FluentValidation.AspNetCore.dll
		Services\Basket\Basket.API\bin\Debug\net8.0\Microsoft.Extensions.Caching.StackExchangeRedis.dll = Services\Basket\Basket.API\bin\Debug\net8.0\Microsoft.Extensions.Caching.StackExchangeRedis.dll
		Services\Basket\Basket.API\bin\Debug\net8.0\Microsoft.CodeAnalysis.CSharp.dll = Services\Basket\Basket.API\bin\Debug\net8.0\Microsoft.CodeAnalysis.CSharp.dll
		Services\Basket\Basket.API\bin\Debug\net8.0\Npgsql.dll = Services\Basket\Basket.API\bin\Debug\net8.0\Npgsql.dll
		Services\Basket\Basket.API\bin\Debug\net8.0\ru\Microsoft.CodeAnalysis.VisualBasic.Workspaces.resources.dll = Services\Basket\Basket.API\bin\Debug\net8.0\ru\Microsoft.CodeAnalysis.VisualBasic.Workspaces.resources.dll
		Services\Basket\Basket.API\bin\Debug\net8.0\ru\Microsoft.CodeAnalysis.CSharp.resources.dll = Services\Basket\Basket.API\bin\Debug\net8.0\ru\Microsoft.CodeAnalysis.CSharp.resources.dll
		Services\Basket\Basket.API\bin\Debug\net8.0\ru\Microsoft.CodeAnalysis.Scripting.resources.dll = Services\Basket\Basket.API\bin\Debug\net8.0\ru\Microsoft.CodeAnalysis.Scripting.resources.dll
		Services\Basket\Basket.API\bin\Debug\net8.0\ru\Microsoft.CodeAnalysis.CSharp.Workspaces.resources.dll = Services\Basket\Basket.API\bin\Debug\net8.0\ru\Microsoft.CodeAnalysis.CSharp.Workspaces.resources.dll
		Services\Basket\Basket.API\bin\Debug\net8.0\ru\Microsoft.CodeAnalysis.resources.dll = Services\Basket\Basket.API\bin\Debug\net8.0\ru\Microsoft.CodeAnalysis.resources.dll
		Services\Basket\Basket.API\bin\Debug\net8.0\ru\Microsoft.CodeAnalysis.CSharp.Scripting.resources.dll = Services\Basket\Basket.API\bin\Debug\net8.0\ru\Microsoft.CodeAnalysis.CSharp.Scripting.resources.dll
		Services\Basket\Basket.API\bin\Debug\net8.0\ru\Microsoft.CodeAnalysis.Workspaces.resources.dll = Services\Basket\Basket.API\bin\Debug\net8.0\ru\Microsoft.CodeAnalysis.Workspaces.resources.dll
		Services\Basket\Basket.API\bin\Debug\net8.0\ru\Microsoft.CodeAnalysis.VisualBasic.resources.dll = Services\Basket\Basket.API\bin\Debug\net8.0\ru\Microsoft.CodeAnalysis.VisualBasic.resources.dll
		Services\Basket\Basket.API\bin\Debug\net8.0\Microsoft.Extensions.Options.dll = Services\Basket\Basket.API\bin\Debug\net8.0\Microsoft.Extensions.Options.dll
		Services\Basket\Basket.API\bin\Debug\net8.0\Microsoft.CodeAnalysis.CSharp.Workspaces.dll = Services\Basket\Basket.API\bin\Debug\net8.0\Microsoft.CodeAnalysis.CSharp.Workspaces.dll
		Services\Basket\Basket.API\bin\Debug\net8.0\HealthChecks.NpgSql.dll = Services\Basket\Basket.API\bin\Debug\net8.0\HealthChecks.NpgSql.dll
		Services\Basket\Basket.API\bin\Debug\net8.0\it\Microsoft.CodeAnalysis.VisualBasic.Workspaces.resources.dll = Services\Basket\Basket.API\bin\Debug\net8.0\it\Microsoft.CodeAnalysis.VisualBasic.Workspaces.resources.dll
		Services\Basket\Basket.API\bin\Debug\net8.0\it\Microsoft.CodeAnalysis.CSharp.resources.dll = Services\Basket\Basket.API\bin\Debug\net8.0\it\Microsoft.CodeAnalysis.CSharp.resources.dll
		Services\Basket\Basket.API\bin\Debug\net8.0\it\Microsoft.CodeAnalysis.Scripting.resources.dll = Services\Basket\Basket.API\bin\Debug\net8.0\it\Microsoft.CodeAnalysis.Scripting.resources.dll
		Services\Basket\Basket.API\bin\Debug\net8.0\it\Microsoft.CodeAnalysis.CSharp.Workspaces.resources.dll = Services\Basket\Basket.API\bin\Debug\net8.0\it\Microsoft.CodeAnalysis.CSharp.Workspaces.resources.dll
		Services\Basket\Basket.API\bin\Debug\net8.0\it\Microsoft.CodeAnalysis.resources.dll = Services\Basket\Basket.API\bin\Debug\net8.0\it\Microsoft.CodeAnalysis.resources.dll
		Services\Basket\Basket.API\bin\Debug\net8.0\it\Microsoft.CodeAnalysis.CSharp.Scripting.resources.dll = Services\Basket\Basket.API\bin\Debug\net8.0\it\Microsoft.CodeAnalysis.CSharp.Scripting.resources.dll
		Services\Basket\Basket.API\bin\Debug\net8.0\it\Microsoft.CodeAnalysis.Workspaces.resources.dll = Services\Basket\Basket.API\bin\Debug\net8.0\it\Microsoft.CodeAnalysis.Workspaces.resources.dll
		Services\Basket\Basket.API\bin\Debug\net8.0\it\Microsoft.CodeAnalysis.VisualBasic.resources.dll = Services\Basket\Basket.API\bin\Debug\net8.0\it\Microsoft.CodeAnalysis.VisualBasic.resources.dll
		Services\Basket\Basket.API\bin\Debug\net8.0\System.Composition.TypedParts.dll = Services\Basket\Basket.API\bin\Debug\net8.0\System.Composition.TypedParts.dll
		Services\Basket\Basket.API\bin\Debug\net8.0\ja\Microsoft.CodeAnalysis.VisualBasic.Workspaces.resources.dll = Services\Basket\Basket.API\bin\Debug\net8.0\ja\Microsoft.CodeAnalysis.VisualBasic.Workspaces.resources.dll
		Services\Basket\Basket.API\bin\Debug\net8.0\ja\Microsoft.CodeAnalysis.CSharp.resources.dll = Services\Basket\Basket.API\bin\Debug\net8.0\ja\Microsoft.CodeAnalysis.CSharp.resources.dll
		Services\Basket\Basket.API\bin\Debug\net8.0\ja\Microsoft.CodeAnalysis.Scripting.resources.dll = Services\Basket\Basket.API\bin\Debug\net8.0\ja\Microsoft.CodeAnalysis.Scripting.resources.dll
		Services\Basket\Basket.API\bin\Debug\net8.0\ja\Microsoft.CodeAnalysis.CSharp.Workspaces.resources.dll = Services\Basket\Basket.API\bin\Debug\net8.0\ja\Microsoft.CodeAnalysis.CSharp.Workspaces.resources.dll
		Services\Basket\Basket.API\bin\Debug\net8.0\ja\Microsoft.CodeAnalysis.resources.dll = Services\Basket\Basket.API\bin\Debug\net8.0\ja\Microsoft.CodeAnalysis.resources.dll
		Services\Basket\Basket.API\bin\Debug\net8.0\ja\Microsoft.CodeAnalysis.CSharp.Scripting.resources.dll = Services\Basket\Basket.API\bin\Debug\net8.0\ja\Microsoft.CodeAnalysis.CSharp.Scripting.resources.dll
		Services\Basket\Basket.API\bin\Debug\net8.0\ja\Microsoft.CodeAnalysis.Workspaces.resources.dll = Services\Basket\Basket.API\bin\Debug\net8.0\ja\Microsoft.CodeAnalysis.Workspaces.resources.dll
		Services\Basket\Basket.API\bin\Debug\net8.0\ja\Microsoft.CodeAnalysis.VisualBasic.resources.dll = Services\Basket\Basket.API\bin\Debug\net8.0\ja\Microsoft.CodeAnalysis.VisualBasic.resources.dll
		Services\Basket\Basket.API\bin\Debug\net8.0\cs\Microsoft.CodeAnalysis.VisualBasic.Workspaces.resources.dll = Services\Basket\Basket.API\bin\Debug\net8.0\cs\Microsoft.CodeAnalysis.VisualBasic.Workspaces.resources.dll
		Services\Basket\Basket.API\bin\Debug\net8.0\cs\Microsoft.CodeAnalysis.CSharp.resources.dll = Services\Basket\Basket.API\bin\Debug\net8.0\cs\Microsoft.CodeAnalysis.CSharp.resources.dll
		Services\Basket\Basket.API\bin\Debug\net8.0\cs\Microsoft.CodeAnalysis.Scripting.resources.dll = Services\Basket\Basket.API\bin\Debug\net8.0\cs\Microsoft.CodeAnalysis.Scripting.resources.dll
		Services\Basket\Basket.API\bin\Debug\net8.0\cs\Microsoft.CodeAnalysis.CSharp.Workspaces.resources.dll = Services\Basket\Basket.API\bin\Debug\net8.0\cs\Microsoft.CodeAnalysis.CSharp.Workspaces.resources.dll
		Services\Basket\Basket.API\bin\Debug\net8.0\cs\Microsoft.CodeAnalysis.resources.dll = Services\Basket\Basket.API\bin\Debug\net8.0\cs\Microsoft.CodeAnalysis.resources.dll
		Services\Basket\Basket.API\bin\Debug\net8.0\cs\Microsoft.CodeAnalysis.CSharp.Scripting.resources.dll = Services\Basket\Basket.API\bin\Debug\net8.0\cs\Microsoft.CodeAnalysis.CSharp.Scripting.resources.dll
		Services\Basket\Basket.API\bin\Debug\net8.0\cs\Microsoft.CodeAnalysis.Workspaces.resources.dll = Services\Basket\Basket.API\bin\Debug\net8.0\cs\Microsoft.CodeAnalysis.Workspaces.resources.dll
		Services\Basket\Basket.API\bin\Debug\net8.0\cs\Microsoft.CodeAnalysis.VisualBasic.resources.dll = Services\Basket\Basket.API\bin\Debug\net8.0\cs\Microsoft.CodeAnalysis.VisualBasic.resources.dll
		Services\Basket\Basket.API\bin\Debug\net8.0\Swashbuckle.AspNetCore.SwaggerUI.dll = Services\Basket\Basket.API\bin\Debug\net8.0\Swashbuckle.AspNetCore.SwaggerUI.dll
		Services\Basket\Basket.API\bin\Debug\net8.0\Microsoft.CodeAnalysis.CSharp.Scripting.dll = Services\Basket\Basket.API\bin\Debug\net8.0\Microsoft.CodeAnalysis.CSharp.Scripting.dll
		Services\Basket\Basket.API\bin\Debug\net8.0\NetTopologySuite.dll = Services\Basket\Basket.API\bin\Debug\net8.0\NetTopologySuite.dll
		Services\Basket\Basket.API\bin\Debug\net8.0\zh-Hant\Microsoft.CodeAnalysis.VisualBasic.Workspaces.resources.dll = Services\Basket\Basket.API\bin\Debug\net8.0\zh-Hant\Microsoft.CodeAnalysis.VisualBasic.Workspaces.resources.dll
		Services\Basket\Basket.API\bin\Debug\net8.0\zh-Hant\Microsoft.CodeAnalysis.CSharp.resources.dll = Services\Basket\Basket.API\bin\Debug\net8.0\zh-Hant\Microsoft.CodeAnalysis.CSharp.resources.dll
		Services\Basket\Basket.API\bin\Debug\net8.0\zh-Hant\Microsoft.CodeAnalysis.Scripting.resources.dll = Services\Basket\Basket.API\bin\Debug\net8.0\zh-Hant\Microsoft.CodeAnalysis.Scripting.resources.dll
		Services\Basket\Basket.API\bin\Debug\net8.0\zh-Hant\Microsoft.CodeAnalysis.CSharp.Workspaces.resources.dll = Services\Basket\Basket.API\bin\Debug\net8.0\zh-Hant\Microsoft.CodeAnalysis.CSharp.Workspaces.resources.dll
		Services\Basket\Basket.API\bin\Debug\net8.0\zh-Hant\Microsoft.CodeAnalysis.resources.dll = Services\Basket\Basket.API\bin\Debug\net8.0\zh-Hant\Microsoft.CodeAnalysis.resources.dll
		Services\Basket\Basket.API\bin\Debug\net8.0\zh-Hant\Microsoft.CodeAnalysis.CSharp.Scripting.resources.dll = Services\Basket\Basket.API\bin\Debug\net8.0\zh-Hant\Microsoft.CodeAnalysis.CSharp.Scripting.resources.dll
		Services\Basket\Basket.API\bin\Debug\net8.0\zh-Hant\Microsoft.CodeAnalysis.Workspaces.resources.dll = Services\Basket\Basket.API\bin\Debug\net8.0\zh-Hant\Microsoft.CodeAnalysis.Workspaces.resources.dll
		Services\Basket\Basket.API\bin\Debug\net8.0\zh-Hant\Microsoft.CodeAnalysis.VisualBasic.resources.dll = Services\Basket\Basket.API\bin\Debug\net8.0\zh-Hant\Microsoft.CodeAnalysis.VisualBasic.resources.dll
		Services\Basket\Basket.API\bin\Debug\net8.0\pl\Microsoft.CodeAnalysis.VisualBasic.Workspaces.resources.dll = Services\Basket\Basket.API\bin\Debug\net8.0\pl\Microsoft.CodeAnalysis.VisualBasic.Workspaces.resources.dll
		Services\Basket\Basket.API\bin\Debug\net8.0\pl\Microsoft.CodeAnalysis.CSharp.resources.dll = Services\Basket\Basket.API\bin\Debug\net8.0\pl\Microsoft.CodeAnalysis.CSharp.resources.dll
		Services\Basket\Basket.API\bin\Debug\net8.0\pl\Microsoft.CodeAnalysis.Scripting.resources.dll = Services\Basket\Basket.API\bin\Debug\net8.0\pl\Microsoft.CodeAnalysis.Scripting.resources.dll
		Services\Basket\Basket.API\bin\Debug\net8.0\pl\Microsoft.CodeAnalysis.CSharp.Workspaces.resources.dll = Services\Basket\Basket.API\bin\Debug\net8.0\pl\Microsoft.CodeAnalysis.CSharp.Workspaces.resources.dll
		Services\Basket\Basket.API\bin\Debug\net8.0\pl\Microsoft.CodeAnalysis.resources.dll = Services\Basket\Basket.API\bin\Debug\net8.0\pl\Microsoft.CodeAnalysis.resources.dll
		Services\Basket\Basket.API\bin\Debug\net8.0\pl\Microsoft.CodeAnalysis.CSharp.Scripting.resources.dll = Services\Basket\Basket.API\bin\Debug\net8.0\pl\Microsoft.CodeAnalysis.CSharp.Scripting.resources.dll
		Services\Basket\Basket.API\bin\Debug\net8.0\pl\Microsoft.CodeAnalysis.Workspaces.resources.dll = Services\Basket\Basket.API\bin\Debug\net8.0\pl\Microsoft.CodeAnalysis.Workspaces.resources.dll
		Services\Basket\Basket.API\bin\Debug\net8.0\pl\Microsoft.CodeAnalysis.VisualBasic.resources.dll = Services\Basket\Basket.API\bin\Debug\net8.0\pl\Microsoft.CodeAnalysis.VisualBasic.resources.dll
		Services\Basket\Basket.API\bin\Debug\net8.0\Microsoft.OpenApi.dll = Services\Basket\Basket.API\bin\Debug\net8.0\Microsoft.OpenApi.dll
		Services\Basket\Basket.API\bin\Debug\net8.0\Microsoft.Extensions.DependencyModel.dll = Services\Basket\Basket.API\bin\Debug\net8.0\Microsoft.Extensions.DependencyModel.dll
		Services\Basket\Basket.API\bin\Debug\net8.0\Pipelines.Sockets.Unofficial.dll = Services\Basket\Basket.API\bin\Debug\net8.0\Pipelines.Sockets.Unofficial.dll
		Services\Basket\Basket.API\bin\Debug\net8.0\MediatR.Contracts.dll = Services\Basket\Basket.API\bin\Debug\net8.0\MediatR.Contracts.dll
		Services\Basket\Basket.API\bin\Debug\net8.0\JasperFx.Core.dll = Services\Basket\Basket.API\bin\Debug\net8.0\JasperFx.Core.dll
		Services\Basket\Basket.API\bin\Debug\net8.0\Polly.Core.dll = Services\Basket\Basket.API\bin\Debug\net8.0\Polly.Core.dll
		Services\Basket\Basket.API\bin\Debug\net8.0\FluentValidation.DependencyInjectionExtensions.dll = Services\Basket\Basket.API\bin\Debug\net8.0\FluentValidation.DependencyInjectionExtensions.dll
		Services\Basket\Basket.API\bin\Debug\net8.0\System.Composition.Runtime.dll = Services\Basket\Basket.API\bin\Debug\net8.0\System.Composition.Runtime.dll
		Services\Basket\Basket.API\bin\Debug\net8.0\Microsoft.CodeAnalysis.VisualBasic.dll = Services\Basket\Basket.API\bin\Debug\net8.0\Microsoft.CodeAnalysis.VisualBasic.dll
		Services\Basket\Basket.API\bin\Debug\net8.0\fr\Microsoft.CodeAnalysis.VisualBasic.Workspaces.resources.dll = Services\Basket\Basket.API\bin\Debug\net8.0\fr\Microsoft.CodeAnalysis.VisualBasic.Workspaces.resources.dll
		Services\Basket\Basket.API\bin\Debug\net8.0\fr\Microsoft.CodeAnalysis.CSharp.resources.dll = Services\Basket\Basket.API\bin\Debug\net8.0\fr\Microsoft.CodeAnalysis.CSharp.resources.dll
		Services\Basket\Basket.API\bin\Debug\net8.0\fr\Microsoft.CodeAnalysis.Scripting.resources.dll = Services\Basket\Basket.API\bin\Debug\net8.0\fr\Microsoft.CodeAnalysis.Scripting.resources.dll
		Services\Basket\Basket.API\bin\Debug\net8.0\fr\Microsoft.CodeAnalysis.CSharp.Workspaces.resources.dll = Services\Basket\Basket.API\bin\Debug\net8.0\fr\Microsoft.CodeAnalysis.CSharp.Workspaces.resources.dll
		Services\Basket\Basket.API\bin\Debug\net8.0\fr\Microsoft.CodeAnalysis.resources.dll = Services\Basket\Basket.API\bin\Debug\net8.0\fr\Microsoft.CodeAnalysis.resources.dll
		Services\Basket\Basket.API\bin\Debug\net8.0\fr\Microsoft.CodeAnalysis.CSharp.Scripting.resources.dll = Services\Basket\Basket.API\bin\Debug\net8.0\fr\Microsoft.CodeAnalysis.CSharp.Scripting.resources.dll
		Services\Basket\Basket.API\bin\Debug\net8.0\fr\Microsoft.CodeAnalysis.Workspaces.resources.dll = Services\Basket\Basket.API\bin\Debug\net8.0\fr\Microsoft.CodeAnalysis.Workspaces.resources.dll
		Services\Basket\Basket.API\bin\Debug\net8.0\fr\Microsoft.CodeAnalysis.VisualBasic.resources.dll = Services\Basket\Basket.API\bin\Debug\net8.0\fr\Microsoft.CodeAnalysis.VisualBasic.resources.dll
		Services\Basket\Basket.API\bin\Debug\net8.0\JasperFx.CodeGeneration.dll = Services\Basket\Basket.API\bin\Debug\net8.0\JasperFx.CodeGeneration.dll
		Services\Basket\Basket.API\bin\Debug\net8.0\appsettings.json = Services\Basket\Basket.API\bin\Debug\net8.0\appsettings.json
		Services\Basket\Basket.API\bin\Debug\net8.0\System.Composition.Convention.dll = Services\Basket\Basket.API\bin\Debug\net8.0\System.Composition.Convention.dll
		Services\Basket\Basket.API\bin\Debug\net8.0\BuildingBlocks.pdb = Services\Basket\Basket.API\bin\Debug\net8.0\BuildingBlocks.pdb
		Services\Basket\Basket.API\bin\Debug\net8.0\zh-Hans\Microsoft.CodeAnalysis.VisualBasic.Workspaces.resources.dll = Services\Basket\Basket.API\bin\Debug\net8.0\zh-Hans\Microsoft.CodeAnalysis.VisualBasic.Workspaces.resources.dll
		Services\Basket\Basket.API\bin\Debug\net8.0\zh-Hans\Microsoft.CodeAnalysis.CSharp.resources.dll = Services\Basket\Basket.API\bin\Debug\net8.0\zh-Hans\Microsoft.CodeAnalysis.CSharp.resources.dll
		Services\Basket\Basket.API\bin\Debug\net8.0\zh-Hans\Microsoft.CodeAnalysis.Scripting.resources.dll = Services\Basket\Basket.API\bin\Debug\net8.0\zh-Hans\Microsoft.CodeAnalysis.Scripting.resources.dll
		Services\Basket\Basket.API\bin\Debug\net8.0\zh-Hans\Microsoft.CodeAnalysis.CSharp.Workspaces.resources.dll = Services\Basket\Basket.API\bin\Debug\net8.0\zh-Hans\Microsoft.CodeAnalysis.CSharp.Workspaces.resources.dll
		Services\Basket\Basket.API\bin\Debug\net8.0\zh-Hans\Microsoft.CodeAnalysis.resources.dll = Services\Basket\Basket.API\bin\Debug\net8.0\zh-Hans\Microsoft.CodeAnalysis.resources.dll
		Services\Basket\Basket.API\bin\Debug\net8.0\zh-Hans\Microsoft.CodeAnalysis.CSharp.Scripting.resources.dll = Services\Basket\Basket.API\bin\Debug\net8.0\zh-Hans\Microsoft.CodeAnalysis.CSharp.Scripting.resources.dll
		Services\Basket\Basket.API\bin\Debug\net8.0\zh-Hans\Microsoft.CodeAnalysis.Workspaces.resources.dll = Services\Basket\Basket.API\bin\Debug\net8.0\zh-Hans\Microsoft.CodeAnalysis.Workspaces.resources.dll
		Services\Basket\Basket.API\bin\Debug\net8.0\zh-Hans\Microsoft.CodeAnalysis.VisualBasic.resources.dll = Services\Basket\Basket.API\bin\Debug\net8.0\zh-Hans\Microsoft.CodeAnalysis.VisualBasic.resources.dll
		Services\Basket\Basket.API\bin\Debug\net8.0\MediatR.dll = Services\Basket\Basket.API\bin\Debug\net8.0\MediatR.dll
		Services\Basket\Basket.API\bin\Debug\net8.0\Microsoft.Extensions.Logging.Abstractions.dll = Services\Basket\Basket.API\bin\Debug\net8.0\Microsoft.Extensions.Logging.Abstractions.dll
		Services\Basket\Basket.API\bin\Debug\net8.0\Marten.dll = Services\Basket\Basket.API\bin\Debug\net8.0\Marten.dll
		Services\Basket\Basket.API\bin\Debug\net8.0\System.Composition.AttributedModel.dll = Services\Basket\Basket.API\bin\Debug\net8.0\System.Composition.AttributedModel.dll
		Services\Basket\Basket.API\bin\Debug\net8.0\Basket.API.deps.json = Services\Basket\Basket.API\bin\Debug\net8.0\Basket.API.deps.json
		Services\Basket\Basket.API\bin\Debug\net8.0\Mapster.Core.dll = Services\Basket\Basket.API\bin\Debug\net8.0\Mapster.Core.dll
		Services\Basket\Basket.API\bin\Debug\net8.0\de\Microsoft.CodeAnalysis.VisualBasic.Workspaces.resources.dll = Services\Basket\Basket.API\bin\Debug\net8.0\de\Microsoft.CodeAnalysis.VisualBasic.Workspaces.resources.dll
		Services\Basket\Basket.API\bin\Debug\net8.0\de\Microsoft.CodeAnalysis.CSharp.resources.dll = Services\Basket\Basket.API\bin\Debug\net8.0\de\Microsoft.CodeAnalysis.CSharp.resources.dll
		Services\Basket\Basket.API\bin\Debug\net8.0\de\Microsoft.CodeAnalysis.Scripting.resources.dll = Services\Basket\Basket.API\bin\Debug\net8.0\de\Microsoft.CodeAnalysis.Scripting.resources.dll
		Services\Basket\Basket.API\bin\Debug\net8.0\de\Microsoft.CodeAnalysis.CSharp.Workspaces.resources.dll = Services\Basket\Basket.API\bin\Debug\net8.0\de\Microsoft.CodeAnalysis.CSharp.Workspaces.resources.dll
		Services\Basket\Basket.API\bin\Debug\net8.0\de\Microsoft.CodeAnalysis.resources.dll = Services\Basket\Basket.API\bin\Debug\net8.0\de\Microsoft.CodeAnalysis.resources.dll
		Services\Basket\Basket.API\bin\Debug\net8.0\de\Microsoft.CodeAnalysis.CSharp.Scripting.resources.dll = Services\Basket\Basket.API\bin\Debug\net8.0\de\Microsoft.CodeAnalysis.CSharp.Scripting.resources.dll
		Services\Basket\Basket.API\bin\Debug\net8.0\de\Microsoft.CodeAnalysis.Workspaces.resources.dll = Services\Basket\Basket.API\bin\Debug\net8.0\de\Microsoft.CodeAnalysis.Workspaces.resources.dll
		Services\Basket\Basket.API\bin\Debug\net8.0\de\Microsoft.CodeAnalysis.VisualBasic.resources.dll = Services\Basket\Basket.API\bin\Debug\net8.0\de\Microsoft.CodeAnalysis.VisualBasic.resources.dll
		Services\Basket\Basket.API\bin\Debug\net8.0\FastExpressionCompiler.dll = Services\Basket\Basket.API\bin\Debug\net8.0\FastExpressionCompiler.dll
		Services\Basket\Basket.API\bin\Debug\net8.0\JasperFx.RuntimeCompiler.dll = Services\Basket\Basket.API\bin\Debug\net8.0\JasperFx.RuntimeCompiler.dll
		Services\Basket\Basket.API\bin\Debug\net8.0\Carter.Analyzers.dll = Services\Basket\Basket.API\bin\Debug\net8.0\Carter.Analyzers.dll
		Services\Basket\Basket.API\bin\Debug\net8.0\Humanizer.dll = Services\Basket\Basket.API\bin\Debug\net8.0\Humanizer.dll
		Services\Basket\Basket.API\bin\Debug\net8.0\Scrutor.dll = Services\Basket\Basket.API\bin\Debug\net8.0\Scrutor.dll
		Services\Basket\Basket.API\bin\Debug\net8.0\Weasel.Core.dll = Services\Basket\Basket.API\bin\Debug\net8.0\Weasel.Core.dll
		Services\Basket\Basket.API\bin\Debug\net8.0\Microsoft.Bcl.AsyncInterfaces.dll = Services\Basket\Basket.API\bin\Debug\net8.0\Microsoft.Bcl.AsyncInterfaces.dll
		Services\Basket\Basket.API\bin\Debug\net8.0\Basket.API.pdb = Services\Basket\Basket.API\bin\Debug\net8.0\Basket.API.pdb
		Services\Basket\Basket.API\bin\Debug\net8.0\Microsoft.CodeAnalysis.Scripting.dll = Services\Basket\Basket.API\bin\Debug\net8.0\Microsoft.CodeAnalysis.Scripting.dll
		Services\Basket\Basket.API\bin\Debug\net8.0\appsettings.Development.json = Services\Basket\Basket.API\bin\Debug\net8.0\appsettings.Development.json
		Services\Basket\Basket.API\bin\Debug\net8.0\pt-BR\Microsoft.CodeAnalysis.VisualBasic.Workspaces.resources.dll = Services\Basket\Basket.API\bin\Debug\net8.0\pt-BR\Microsoft.CodeAnalysis.VisualBasic.Workspaces.resources.dll
		Services\Basket\Basket.API\bin\Debug\net8.0\pt-BR\Microsoft.CodeAnalysis.CSharp.resources.dll = Services\Basket\Basket.API\bin\Debug\net8.0\pt-BR\Microsoft.CodeAnalysis.CSharp.resources.dll
		Services\Basket\Basket.API\bin\Debug\net8.0\pt-BR\Microsoft.CodeAnalysis.Scripting.resources.dll = Services\Basket\Basket.API\bin\Debug\net8.0\pt-BR\Microsoft.CodeAnalysis.Scripting.resources.dll
		Services\Basket\Basket.API\bin\Debug\net8.0\pt-BR\Microsoft.CodeAnalysis.CSharp.Workspaces.resources.dll = Services\Basket\Basket.API\bin\Debug\net8.0\pt-BR\Microsoft.CodeAnalysis.CSharp.Workspaces.resources.dll
		Services\Basket\Basket.API\bin\Debug\net8.0\pt-BR\Microsoft.CodeAnalysis.resources.dll = Services\Basket\Basket.API\bin\Debug\net8.0\pt-BR\Microsoft.CodeAnalysis.resources.dll
		Services\Basket\Basket.API\bin\Debug\net8.0\pt-BR\Microsoft.CodeAnalysis.CSharp.Scripting.resources.dll = Services\Basket\Basket.API\bin\Debug\net8.0\pt-BR\Microsoft.CodeAnalysis.CSharp.Scripting.resources.dll
		Services\Basket\Basket.API\bin\Debug\net8.0\pt-BR\Microsoft.CodeAnalysis.Workspaces.resources.dll = Services\Basket\Basket.API\bin\Debug\net8.0\pt-BR\Microsoft.CodeAnalysis.Workspaces.resources.dll
		Services\Basket\Basket.API\bin\Debug\net8.0\pt-BR\Microsoft.CodeAnalysis.VisualBasic.resources.dll = Services\Basket\Basket.API\bin\Debug\net8.0\pt-BR\Microsoft.CodeAnalysis.VisualBasic.resources.dll
		Services\Basket\Basket.API\bin\Debug\net8.0\Basket.API.dll = Services\Basket\Basket.API\bin\Debug\net8.0\Basket.API.dll
		Services\Basket\Basket.API\bin\Debug\net8.0\es\Microsoft.CodeAnalysis.VisualBasic.Workspaces.resources.dll = Services\Basket\Basket.API\bin\Debug\net8.0\es\Microsoft.CodeAnalysis.VisualBasic.Workspaces.resources.dll
		Services\Basket\Basket.API\bin\Debug\net8.0\es\Microsoft.CodeAnalysis.CSharp.resources.dll = Services\Basket\Basket.API\bin\Debug\net8.0\es\Microsoft.CodeAnalysis.CSharp.resources.dll
		Services\Basket\Basket.API\bin\Debug\net8.0\es\Microsoft.CodeAnalysis.Scripting.resources.dll = Services\Basket\Basket.API\bin\Debug\net8.0\es\Microsoft.CodeAnalysis.Scripting.resources.dll
		Services\Basket\Basket.API\bin\Debug\net8.0\es\Microsoft.CodeAnalysis.CSharp.Workspaces.resources.dll = Services\Basket\Basket.API\bin\Debug\net8.0\es\Microsoft.CodeAnalysis.CSharp.Workspaces.resources.dll
		Services\Basket\Basket.API\bin\Debug\net8.0\es\Microsoft.CodeAnalysis.resources.dll = Services\Basket\Basket.API\bin\Debug\net8.0\es\Microsoft.CodeAnalysis.resources.dll
		Services\Basket\Basket.API\bin\Debug\net8.0\es\Microsoft.CodeAnalysis.CSharp.Scripting.resources.dll = Services\Basket\Basket.API\bin\Debug\net8.0\es\Microsoft.CodeAnalysis.CSharp.Scripting.resources.dll
		Services\Basket\Basket.API\bin\Debug\net8.0\es\Microsoft.CodeAnalysis.Workspaces.resources.dll = Services\Basket\Basket.API\bin\Debug\net8.0\es\Microsoft.CodeAnalysis.Workspaces.resources.dll
		Services\Basket\Basket.API\bin\Debug\net8.0\es\Microsoft.CodeAnalysis.VisualBasic.resources.dll = Services\Basket\Basket.API\bin\Debug\net8.0\es\Microsoft.CodeAnalysis.VisualBasic.resources.dll
		Services\Basket\Basket.API\bin\Debug\net8.0\Weasel.Postgresql.dll = Services\Basket\Basket.API\bin\Debug\net8.0\Weasel.Postgresql.dll
		Services\Basket\Basket.API\bin\Debug\net8.0\Microsoft.CodeAnalysis.dll = Services\Basket\Basket.API\bin\Debug\net8.0\Microsoft.CodeAnalysis.dll
		Services\Basket\Basket.API\bin\Debug\net8.0\HealthChecks.Redis.dll = Services\Basket\Basket.API\bin\Debug\net8.0\HealthChecks.Redis.dll
		Services\Basket\Basket.API\bin\Debug\net8.0\NetTopologySuite.IO.PostGis.dll = Services\Basket\Basket.API\bin\Debug\net8.0\NetTopologySuite.IO.PostGis.dll
		Services\Basket\Basket.API\bin\Debug\net8.0\Microsoft.CodeAnalysis.VisualBasic.Workspaces.dll = Services\Basket\Basket.API\bin\Debug\net8.0\Microsoft.CodeAnalysis.VisualBasic.Workspaces.dll
		Services\Basket\Basket.API\Program.cs = Services\Basket\Basket.API\Program.cs
		Services\Basket\Basket.API\GlobalUsing.cs = Services\Basket\Basket.API\GlobalUsing.cs
		Services\Basket\Basket.API\Models\ShoppingCart.cs = Services\Basket\Basket.API\Models\ShoppingCart.cs
		Services\Basket\Basket.API\Models\ShoppingCartItem.cs = Services\Basket\Basket.API\Models\ShoppingCartItem.cs
		Services\Basket\Basket.API\Basket\GetBasket\GetBasketHandler.cs = Services\Basket\Basket.API\Basket\GetBasket\GetBasketHandler.cs
		Services\Basket\Basket.API\Basket\GetBasket\GetBasketEndpoint.cs = Services\Basket\Basket.API\Basket\GetBasket\GetBasketEndpoint.cs
		Services\Basket\Basket.API\Basket\StoreBasket\StoreBasketEndpoint.cs = Services\Basket\Basket.API\Basket\StoreBasket\StoreBasketEndpoint.cs
		Services\Basket\Basket.API\Basket\StoreBasket\StoreBasketHandler.cs = Services\Basket\Basket.API\Basket\StoreBasket\StoreBasketHandler.cs
		Services\Basket\Basket.API\Basket\DeleteBasket\DeleteBasketEndpoint.cs = Services\Basket\Basket.API\Basket\DeleteBasket\DeleteBasketEndpoint.cs
		Services\Basket\Basket.API\Basket\DeleteBasket\DeleteBasketHandler.cs = Services\Basket\Basket.API\Basket\DeleteBasket\DeleteBasketHandler.cs
		Services\Basket\Basket.API\Data\BasketRepository.cs = Services\Basket\Basket.API\Data\BasketRepository.cs
		Services\Basket\Basket.API\Data\IBasketRepository.cs = Services\Basket\Basket.API\Data\IBasketRepository.cs
		Services\Basket\Basket.API\Data\CachedBasketRepository.cs = Services\Basket\Basket.API\Data\CachedBasketRepository.cs
		Services\Basket\Basket.API\appsettings.json = Services\Basket\Basket.API\appsettings.json
		Services\Basket\Basket.API\Exceptions\BasketNotFoundException.cs = Services\Basket\Basket.API\Exceptions\BasketNotFoundException.cs
		Services\Basket\Basket.API\Dockerfile = Services\Basket\Basket.API\Dockerfile
		Services\Basket\Basket.API\obj\rider.project.model.nuget.info = Services\Basket\Basket.API\obj\rider.project.model.nuget.info
		Services\Basket\Basket.API\obj\Debug\net8.0\staticwebassets\msbuild.build.Basket.API.props = Services\Basket\Basket.API\obj\Debug\net8.0\staticwebassets\msbuild.build.Basket.API.props
		Services\Basket\Basket.API\obj\Debug\net8.0\staticwebassets\msbuild.buildMultiTargeting.Basket.API.props = Services\Basket\Basket.API\obj\Debug\net8.0\staticwebassets\msbuild.buildMultiTargeting.Basket.API.props
		Services\Basket\Basket.API\obj\Debug\net8.0\staticwebassets\msbuild.buildTransitive.Basket.API.props = Services\Basket\Basket.API\obj\Debug\net8.0\staticwebassets\msbuild.buildTransitive.Basket.API.props
		Services\Basket\Basket.API\obj\Debug\net8.0\.NETCoreApp,Version = v8.0.AssemblyAttributes.cs = Services\Basket\Basket.API\obj\Debug\net8.0\.NETCoreApp,Version=v8.0.AssemblyAttributes.cs
		Services\Basket\Basket.API\obj\Debug\net8.0\Basket.API.MvcApplicationPartsAssemblyInfo.cs = Services\Basket\Basket.API\obj\Debug\net8.0\Basket.API.MvcApplicationPartsAssemblyInfo.cs
		Services\Basket\Basket.API\obj\Debug\net8.0\Basket.API.csproj.FileListAbsolute.txt = Services\Basket\Basket.API\obj\Debug\net8.0\Basket.API.csproj.FileListAbsolute.txt
		Services\Basket\Basket.API\obj\Debug\net8.0\apphost = Services\Basket\Basket.API\obj\Debug\net8.0\apphost
		Services\Basket\Basket.API\obj\Debug\net8.0\ref\Basket.API.dll = Services\Basket\Basket.API\obj\Debug\net8.0\ref\Basket.API.dll
		Services\Basket\Basket.API\obj\Debug\net8.0\staticwebassets.build.json = Services\Basket\Basket.API\obj\Debug\net8.0\staticwebassets.build.json
		Services\Basket\Basket.API\obj\Debug\net8.0\Basket.API.MvcApplicationPartsAssemblyInfo.cache = Services\Basket\Basket.API\obj\Debug\net8.0\Basket.API.MvcApplicationPartsAssemblyInfo.cache
		Services\Basket\Basket.API\obj\Debug\net8.0\Basket.API.GlobalUsings.g.cs = Services\Basket\Basket.API\obj\Debug\net8.0\Basket.API.GlobalUsings.g.cs
		Services\Basket\Basket.API\obj\Debug\net8.0\Basket.API.AssemblyInfo.cs = Services\Basket\Basket.API\obj\Debug\net8.0\Basket.API.AssemblyInfo.cs
		Services\Basket\Basket.API\obj\Debug\net8.0\Basket.API.AssemblyInfoInputs.cache = Services\Basket\Basket.API\obj\Debug\net8.0\Basket.API.AssemblyInfoInputs.cache
		Services\Basket\Basket.API\obj\Debug\net8.0\refint\Basket.API.dll = Services\Basket\Basket.API\obj\Debug\net8.0\refint\Basket.API.dll
		Services\Basket\Basket.API\obj\Debug\net8.0\Basket.API.assets.cache = Services\Basket\Basket.API\obj\Debug\net8.0\Basket.API.assets.cache
		Services\Basket\Basket.API\obj\Debug\net8.0\Basket.API.csproj.CopyComplete = Services\Basket\Basket.API\obj\Debug\net8.0\Basket.API.csproj.CopyComplete
		Services\Basket\Basket.API\obj\Debug\net8.0\Basket.API.genruntimeconfig.cache = Services\Basket\Basket.API\obj\Debug\net8.0\Basket.API.genruntimeconfig.cache
		Services\Basket\Basket.API\obj\Debug\net8.0\Basket.API.csproj.CoreCompileInputs.cache = Services\Basket\Basket.API\obj\Debug\net8.0\Basket.API.csproj.CoreCompileInputs.cache
		Services\Basket\Basket.API\obj\Debug\net8.0\Basket.API.sourcelink.json = Services\Basket\Basket.API\obj\Debug\net8.0\Basket.API.sourcelink.json
		Services\Basket\Basket.API\obj\Debug\net8.0\Basket.API.csproj.AssemblyReference.cache = Services\Basket\Basket.API\obj\Debug\net8.0\Basket.API.csproj.AssemblyReference.cache
		Services\Basket\Basket.API\obj\Debug\net8.0\Basket.API.pdb = Services\Basket\Basket.API\obj\Debug\net8.0\Basket.API.pdb
		Services\Basket\Basket.API\obj\Debug\net8.0\Basket.API.GeneratedMSBuildEditorConfig.editorconfig = Services\Basket\Basket.API\obj\Debug\net8.0\Basket.API.GeneratedMSBuildEditorConfig.editorconfig
		Services\Basket\Basket.API\obj\Debug\net8.0\Basket.API.dll = Services\Basket\Basket.API\obj\Debug\net8.0\Basket.API.dll
		Services\Basket\Basket.API\obj\project.packagespec.json = Services\Basket\Basket.API\obj\project.packagespec.json
		Services\Basket\Basket.API\obj\Basket.API.csproj.nuget.g.targets = Services\Basket\Basket.API\obj\Basket.API.csproj.nuget.g.targets
		Services\Basket\Basket.API\obj\Basket.API.csproj.nuget.g.props = Services\Basket\Basket.API\obj\Basket.API.csproj.nuget.g.props
		Services\Basket\Basket.API\obj\rider.project.restore.info = Services\Basket\Basket.API\obj\rider.project.restore.info
		Services\Basket\Basket.API\obj\project.assets.json = Services\Basket\Basket.API\obj\project.assets.json
		Services\Basket\Basket.API\obj\project.nuget.cache = Services\Basket\Basket.API\obj\project.nuget.cache
		Services\Basket\Basket.API\obj\Basket.API.csproj.nuget.dgspec.json = Services\Basket\Basket.API\obj\Basket.API.csproj.nuget.dgspec.json
		Services\Basket\Basket.API\Basket.API.csproj = Services\Basket\Basket.API\Basket.API.csproj
		Services\Basket\Basket.API\appsettings.Development.json = Services\Basket\Basket.API\appsettings.Development.json
		Services\Basket\Basket.API\Properties\launchSettings.json = Services\Basket\Basket.API\Properties\launchSettings.json
	EndProjectSection
EndProject
Project("{2150E333-8FDC-42A3-9474-1A3956D46DE8}") = "Catalog", "Catalog", "{0E4306B9-EC52-47AB-B4F4-AFD11DECF9E1}"
EndProject
Project("{FAE04EC0-301F-11D3-BF4B-00C04F79EFBC}") = "Catalog.API", "Services\Catalog\Catalog.API\Catalog.API.csproj", "{275AE04C-A8B7-4369-9682-CF414CAD0E97}"
EndProject
Project("{2150E333-8FDC-42A3-9474-1A3956D46DE8}") = "BuildingBlocks", "BuildingBlocks", "{0A7C11E6-AF00-455B-AA15-8855A22B7098}"
EndProject
Project("{FAE04EC0-301F-11D3-BF4B-00C04F79EFBC}") = "BuildingBlocks", "BuildingBlocks\BuildingBlocks\BuildingBlocks.csproj", "{4E28FFCC-E839-4B0C-AAEA-569CC77CE578}"
EndProject
Project("{2150E333-8FDC-42A3-9474-1A3956D46DE8}") = "Basket", "Basket", "{940E5BDA-2CD8-40F7-A88C-C5AAA3F2D3B2}"
EndProject
Project("{FAE04EC0-301F-11D3-BF4B-00C04F79EFBC}") = "Basket.API", "Services\Basket\Basket.API\Basket.API.csproj", "{A87B2F84-A214-473B-8857-7A8046BCE418}"
EndProject
Project("{2150E333-8FDC-42A3-9474-1A3956D46DE8}") = "Discount", "Discount", "{A46A7F10-E447-46DE-8590-51350A243DC0}"
EndProject
Project("{FAE04EC0-301F-11D3-BF4B-00C04F79EFBC}") = "Discount.Grpc", "Services\Discount\Discount.Grpc\Discount.Grpc.csproj", "{FA262A20-B9D4-429E-B9BB-8E3517BD5B4C}"
EndProject
Project("{2150E333-8FDC-42A3-9474-1A3956D46DE8}") = "Ordering", "Ordering", "{E3D9B880-FCA8-432A-BC3B-DCDD9EFF7439}"
EndProject
Project("{FAE04EC0-301F-11D3-BF4B-00C04F79EFBC}") = "Ordering.API", "Services\Ordering\Ordering.API\Ordering.API.csproj", "{429CE2E3-91DA-4F0C-8FB0-072B6525734D}"
EndProject
Project("{FAE04EC0-301F-11D3-BF4B-00C04F79EFBC}") = "Ordering.Domain", "Services\Ordering\Ordering.Domain\Ordering.Domain.csproj", "{8DD138D1-432F-47E2-9637-F148990F3179}"
EndProject
Project("{FAE04EC0-301F-11D3-BF4B-00C04F79EFBC}") = "Ordering.Application", "Services\Ordering\Ordering.Application\Ordering.Application.csproj", "{3B693457-E9E8-4F02-8945-5FFD574605D7}"
EndProject
Project("{FAE04EC0-301F-11D3-BF4B-00C04F79EFBC}") = "Ordering.Infrastructure", "Services\Ordering\Ordering.Infrastructure\Ordering.Infrastructure.csproj", "{7FE912BA-9076-4D97-868C-9464C8481B2F}"
EndProject
Project("{FAE04EC0-301F-11D3-BF4B-00C04F79EFBC}") = "BuildingBlocksMessaging", "BuildingBlocks\BuildingBlocksMessaging\BuildingBlocksMessaging.csproj", "{88139B45-E5DD-43BB-AA5E-0ADE076BEC60}"
EndProject
Global
	GlobalSection(SolutionConfigurationPlatforms) = preSolution
		Debug|Any CPU = Debug|Any CPU
		Release|Any CPU = Release|Any CPU
	EndGlobalSection
	GlobalSection(NestedProjects) = preSolution
		{0E4306B9-EC52-47AB-B4F4-AFD11DECF9E1} = {830B7069-5087-4E04-AA9A-CCAC861A133F}
		{275AE04C-A8B7-4369-9682-CF414CAD0E97} = {0E4306B9-EC52-47AB-B4F4-AFD11DECF9E1}
		{4E28FFCC-E839-4B0C-AAEA-569CC77CE578} = {0A7C11E6-AF00-455B-AA15-8855A22B7098}
		{940E5BDA-2CD8-40F7-A88C-C5AAA3F2D3B2} = {830B7069-5087-4E04-AA9A-CCAC861A133F}
		{A87B2F84-A214-473B-8857-7A8046BCE418} = {940E5BDA-2CD8-40F7-A88C-C5AAA3F2D3B2}
		{A46A7F10-E447-46DE-8590-51350A243DC0} = {830B7069-5087-4E04-AA9A-CCAC861A133F}
		{FA262A20-B9D4-429E-B9BB-8E3517BD5B4C} = {A46A7F10-E447-46DE-8590-51350A243DC0}
		{E3D9B880-FCA8-432A-BC3B-DCDD9EFF7439} = {830B7069-5087-4E04-AA9A-CCAC861A133F}
		{429CE2E3-91DA-4F0C-8FB0-072B6525734D} = {E3D9B880-FCA8-432A-BC3B-DCDD9EFF7439}
		{8DD138D1-432F-47E2-9637-F148990F3179} = {E3D9B880-FCA8-432A-BC3B-DCDD9EFF7439}
		{3B693457-E9E8-4F02-8945-5FFD574605D7} = {E3D9B880-FCA8-432A-BC3B-DCDD9EFF7439}
		{7FE912BA-9076-4D97-868C-9464C8481B2F} = {E3D9B880-FCA8-432A-BC3B-DCDD9EFF7439}
		{88139B45-E5DD-43BB-AA5E-0ADE076BEC60} = {0A7C11E6-AF00-455B-AA15-8855A22B7098}
	EndGlobalSection
	GlobalSection(ProjectConfigurationPlatforms) = postSolution
		{275AE04C-A8B7-4369-9682-CF414CAD0E97}.Debug|Any CPU.ActiveCfg = Debug|Any CPU
		{275AE04C-A8B7-4369-9682-CF414CAD0E97}.Debug|Any CPU.Build.0 = Debug|Any CPU
		{275AE04C-A8B7-4369-9682-CF414CAD0E97}.Release|Any CPU.ActiveCfg = Release|Any CPU
		{275AE04C-A8B7-4369-9682-CF414CAD0E97}.Release|Any CPU.Build.0 = Release|Any CPU
		{4E28FFCC-E839-4B0C-AAEA-569CC77CE578}.Debug|Any CPU.ActiveCfg = Debug|Any CPU
		{4E28FFCC-E839-4B0C-AAEA-569CC77CE578}.Debug|Any CPU.Build.0 = Debug|Any CPU
		{4E28FFCC-E839-4B0C-AAEA-569CC77CE578}.Release|Any CPU.ActiveCfg = Release|Any CPU
		{4E28FFCC-E839-4B0C-AAEA-569CC77CE578}.Release|Any CPU.Build.0 = Release|Any CPU
		{A87B2F84-A214-473B-8857-7A8046BCE418}.Debug|Any CPU.ActiveCfg = Debug|Any CPU
		{A87B2F84-A214-473B-8857-7A8046BCE418}.Debug|Any CPU.Build.0 = Debug|Any CPU
		{A87B2F84-A214-473B-8857-7A8046BCE418}.Release|Any CPU.ActiveCfg = Release|Any CPU
		{A87B2F84-A214-473B-8857-7A8046BCE418}.Release|Any CPU.Build.0 = Release|Any CPU
		{FA262A20-B9D4-429E-B9BB-8E3517BD5B4C}.Debug|Any CPU.ActiveCfg = Debug|Any CPU
		{FA262A20-B9D4-429E-B9BB-8E3517BD5B4C}.Debug|Any CPU.Build.0 = Debug|Any CPU
		{FA262A20-B9D4-429E-B9BB-8E3517BD5B4C}.Release|Any CPU.ActiveCfg = Release|Any CPU
		{FA262A20-B9D4-429E-B9BB-8E3517BD5B4C}.Release|Any CPU.Build.0 = Release|Any CPU
		{429CE2E3-91DA-4F0C-8FB0-072B6525734D}.Debug|Any CPU.ActiveCfg = Debug|Any CPU
		{429CE2E3-91DA-4F0C-8FB0-072B6525734D}.Debug|Any CPU.Build.0 = Debug|Any CPU
		{429CE2E3-91DA-4F0C-8FB0-072B6525734D}.Release|Any CPU.ActiveCfg = Release|Any CPU
		{429CE2E3-91DA-4F0C-8FB0-072B6525734D}.Release|Any CPU.Build.0 = Release|Any CPU
		{8DD138D1-432F-47E2-9637-F148990F3179}.Debug|Any CPU.ActiveCfg = Debug|Any CPU
		{8DD138D1-432F-47E2-9637-F148990F3179}.Debug|Any CPU.Build.0 = Debug|Any CPU
		{8DD138D1-432F-47E2-9637-F148990F3179}.Release|Any CPU.ActiveCfg = Release|Any CPU
		{8DD138D1-432F-47E2-9637-F148990F3179}.Release|Any CPU.Build.0 = Release|Any CPU
		{3B693457-E9E8-4F02-8945-5FFD574605D7}.Debug|Any CPU.ActiveCfg = Debug|Any CPU
		{3B693457-E9E8-4F02-8945-5FFD574605D7}.Debug|Any CPU.Build.0 = Debug|Any CPU
		{3B693457-E9E8-4F02-8945-5FFD574605D7}.Release|Any CPU.ActiveCfg = Release|Any CPU
		{3B693457-E9E8-4F02-8945-5FFD574605D7}.Release|Any CPU.Build.0 = Release|Any CPU
		{7FE912BA-9076-4D97-868C-9464C8481B2F}.Debug|Any CPU.ActiveCfg = Debug|Any CPU
		{7FE912BA-9076-4D97-868C-9464C8481B2F}.Debug|Any CPU.Build.0 = Debug|Any CPU
		{7FE912BA-9076-4D97-868C-9464C8481B2F}.Release|Any CPU.ActiveCfg = Release|Any CPU
		{7FE912BA-9076-4D97-868C-9464C8481B2F}.Release|Any CPU.Build.0 = Release|Any CPU
		{88139B45-E5DD-43BB-AA5E-0ADE076BEC60}.Debug|Any CPU.ActiveCfg = Debug|Any CPU
		{88139B45-E5DD-43BB-AA5E-0ADE076BEC60}.Debug|Any CPU.Build.0 = Debug|Any CPU
		{88139B45-E5DD-43BB-AA5E-0ADE076BEC60}.Release|Any CPU.ActiveCfg = Release|Any CPU
		{88139B45-E5DD-43BB-AA5E-0ADE076BEC60}.Release|Any CPU.Build.0 = Release|Any CPU
	EndGlobalSection
EndGlobal
