
Microsoft Visual Studio Solution File, Format Version 12.00
Project("{2150E333-8FDC-42A3-9474-1A3956D46DE8}") = "Services", "Services", "{830B7069-5087-4E04-AA9A-CCAC861A133F}"
	ProjectSection(SolutionItems) = preProject
		docker-compose.yml = docker-compose.yml
		docker-compose.override.yml = docker-compose.override.yml
	EndProjectSection
EndProject
Project("{2150E333-8FDC-42A3-9474-1A3956D46DE8}") = "Catalog", "Catalog", "{0E4306B9-EC52-47AB-B4F4-AFD11DECF9E1}"
EndProject
Project("{FAE04EC0-301F-11D3-BF4B-00C04F79EFBC}") = "Catalog.API", "Services\Catalog\Catalog.API\Catalog.API.csproj", "{275AE04C-A8B7-4369-9682-CF414CAD0E97}"
EndProject
Project("{2150E333-8FDC-42A3-9474-1A3956D46DE8}") = "BuildingBlocks", "BuildingBlocks", "{0A7C11E6-AF00-455B-AA15-8855A22B7098}"
EndProject
Project("{FAE04EC0-301F-11D3-BF4B-00C04F79EFBC}") = "BuildingBlocks", "BuildingBlocks\BuildingBlocks\BuildingBlocks.csproj", "{4E28FFCC-E839-4B0C-AAEA-569CC77CE578}"
EndProject
Project("{2150E333-8FDC-42A3-9474-1A3956D46DE8}") = "Basket", "Basket", "{940E5BDA-2CD8-40F7-A88C-C5AAA3F2D3B2}"
EndProject
Project("{FAE04EC0-301F-11D3-BF4B-00C04F79EFBC}") = "Basket.API", "Services\Basket\Basket.API\Basket.API.csproj", "{A87B2F84-A214-473B-8857-7A8046BCE418}"
EndProject
Project("{2150E333-8FDC-42A3-9474-1A3956D46DE8}") = "Discount", "Discount", "{A46A7F10-E447-46DE-8590-51350A243DC0}"
EndProject
Project("{FAE04EC0-301F-11D3-BF4B-00C04F79EFBC}") = "Discount.Grpc", "Services\Discount\Discount.Grpc\Discount.Grpc.csproj", "{FA262A20-B9D4-429E-B9BB-8E3517BD5B4C}"
EndProject
Global
	GlobalSection(SolutionConfigurationPlatforms) = preSolution
		Debug|Any CPU = Debug|Any CPU
		Release|Any CPU = Release|Any CPU
	EndGlobalSection
	GlobalSection(NestedProjects) = preSolution
		{0E4306B9-EC52-47AB-B4F4-AFD11DECF9E1} = {830B7069-5087-4E04-AA9A-CCAC861A133F}
		{275AE04C-A8B7-4369-9682-CF414CAD0E97} = {0E4306B9-EC52-47AB-B4F4-AFD11DECF9E1}
		{4E28FFCC-E839-4B0C-AAEA-569CC77CE578} = {0A7C11E6-AF00-455B-AA15-8855A22B7098}
		{940E5BDA-2CD8-40F7-A88C-C5AAA3F2D3B2} = {830B7069-5087-4E04-AA9A-CCAC861A133F}
		{A87B2F84-A214-473B-8857-7A8046BCE418} = {940E5BDA-2CD8-40F7-A88C-C5AAA3F2D3B2}
		{A46A7F10-E447-46DE-8590-51350A243DC0} = {830B7069-5087-4E04-AA9A-CCAC861A133F}
		{FA262A20-B9D4-429E-B9BB-8E3517BD5B4C} = {A46A7F10-E447-46DE-8590-51350A243DC0}
	EndGlobalSection
	GlobalSection(ProjectConfigurationPlatforms) = postSolution
		{275AE04C-A8B7-4369-9682-CF414CAD0E97}.Debug|Any CPU.ActiveCfg = Debug|Any CPU
		{275AE04C-A8B7-4369-9682-CF414CAD0E97}.Debug|Any CPU.Build.0 = Debug|Any CPU
		{275AE04C-A8B7-4369-9682-CF414CAD0E97}.Release|Any CPU.ActiveCfg = Release|Any CPU
		{275AE04C-A8B7-4369-9682-CF414CAD0E97}.Release|Any CPU.Build.0 = Release|Any CPU
		{4E28FFCC-E839-4B0C-AAEA-569CC77CE578}.Debug|Any CPU.ActiveCfg = Debug|Any CPU
		{4E28FFCC-E839-4B0C-AAEA-569CC77CE578}.Debug|Any CPU.Build.0 = Debug|Any CPU
		{4E28FFCC-E839-4B0C-AAEA-569CC77CE578}.Release|Any CPU.ActiveCfg = Release|Any CPU
		{4E28FFCC-E839-4B0C-AAEA-569CC77CE578}.Release|Any CPU.Build.0 = Release|Any CPU
		{A87B2F84-A214-473B-8857-7A8046BCE418}.Debug|Any CPU.ActiveCfg = Debug|Any CPU
		{A87B2F84-A214-473B-8857-7A8046BCE418}.Debug|Any CPU.Build.0 = Debug|Any CPU
		{A87B2F84-A214-473B-8857-7A8046BCE418}.Release|Any CPU.ActiveCfg = Release|Any CPU
		{A87B2F84-A214-473B-8857-7A8046BCE418}.Release|Any CPU.Build.0 = Release|Any CPU
		{FA262A20-B9D4-429E-B9BB-8E3517BD5B4C}.Debug|Any CPU.ActiveCfg = Debug|Any CPU
		{FA262A20-B9D4-429E-B9BB-8E3517BD5B4C}.Debug|Any CPU.Build.0 = Debug|Any CPU
		{FA262A20-B9D4-429E-B9BB-8E3517BD5B4C}.Release|Any CPU.ActiveCfg = Release|Any CPU
		{FA262A20-B9D4-429E-B9BB-8E3517BD5B4C}.Release|Any CPU.Build.0 = Release|Any CPU
	EndGlobalSection
EndGlobal
